
Microsoft Visual Studio Solution File, Format Version 12.00
# Visual Studio 15
VisualStudioVersion = 15.0.28307.329
MinimumVisualStudioVersion = 10.0.40219.1
Project("{FAE04EC0-301F-11D3-BF4B-00C04F79EFBC}") = "BlogProject", "BlogProject\BlogProject.csproj", "{8FB5C710-38AC-4CD8-A203-563ACE7AB2F5}"
EndProject
Global
	GlobalSection(SolutionConfigurationPlatforms) = preSolution
		Debug|Any CPU = Debug|Any CPU
		Release|Any CPU = Release|Any CPU
	EndGlobalSection
	GlobalSection(ProjectConfigurationPlatforms) = postSolution
		{8FB5C710-38AC-4CD8-A203-563ACE7AB2F5}.Debug|Any CPU.ActiveCfg = Debug|Any CPU
		{8FB5C710-38AC-4CD8-A203-563ACE7AB2F5}.Debug|Any CPU.Build.0 = Debug|Any CPU
		{8FB5C710-38AC-4CD8-A203-563ACE7AB2F5}.Release|Any CPU.ActiveCfg = Release|Any CPU
		{8FB5C710-38AC-4CD8-A203-563ACE7AB2F5}.Release|Any CPU.Build.0 = Release|Any CPU
	EndGlobalSection
	GlobalSection(SolutionProperties) = preSolution
		HideSolutionNode = FALSE
	EndGlobalSection
	GlobalSection(ExtensibilityGlobals) = postSolution
		SolutionGuid = {6DD7E7D9-946C-4740-A99B-61B6523B0F57}
	EndGlobalSection
EndGlobal
